
Microsoft Visual Studio Solution File, Format Version 12.00
# Visual Studio Version 16
VisualStudioVersion = 16.0.31129.286
MinimumVisualStudioVersion = 10.0.40219.1
Project("{FAE04EC0-301F-11D3-BF4B-00C04F79EFBC}") = "StarterKitApp.Android", "StarterKitApp\StarterKitApp.Android\StarterKitApp.Android.csproj", "{34EC4B01-03E2-4C0D-83C7-2915192128DF}"
EndProject
Project("{FAE04EC0-301F-11D3-BF4B-00C04F79EFBC}") = "StarterKitApp.iOS", "StarterKitApp\StarterKitApp.iOS\StarterKitApp.iOS.csproj", "{BB18FC51-0402-4F81-880C-7DBBBA2CE99F}"
EndProject
Project("{9A19103F-16F7-4668-BE54-9A1E7A4F7556}") = "StarterKitApp", "StarterKitApp\StarterKitApp\StarterKitApp.csproj", "{71C6922D-007A-49A8-8CBB-316D71ECFFAE}"
EndProject
Global
	GlobalSection(SolutionConfigurationPlatforms) = preSolution
		Debug|Any CPU = Debug|Any CPU
		Debug|iPhone = Debug|iPhone
		Debug|iPhoneSimulator = Debug|iPhoneSimulator
		Release|Any CPU = Release|Any CPU
		Release|iPhone = Release|iPhone
		Release|iPhoneSimulator = Release|iPhoneSimulator
	EndGlobalSection
	GlobalSection(ProjectConfigurationPlatforms) = postSolution
		{34EC4B01-03E2-4C0D-83C7-2915192128DF}.Debug|Any CPU.ActiveCfg = Debug|Any CPU
		{34EC4B01-03E2-4C0D-83C7-2915192128DF}.Debug|Any CPU.Build.0 = Debug|Any CPU
		{34EC4B01-03E2-4C0D-83C7-2915192128DF}.Debug|Any CPU.Deploy.0 = Debug|Any CPU
		{34EC4B01-03E2-4C0D-83C7-2915192128DF}.Debug|iPhone.ActiveCfg = Debug|Any CPU
		{34EC4B01-03E2-4C0D-83C7-2915192128DF}.Debug|iPhone.Build.0 = Debug|Any CPU
		{34EC4B01-03E2-4C0D-83C7-2915192128DF}.Debug|iPhone.Deploy.0 = Debug|Any CPU
		{34EC4B01-03E2-4C0D-83C7-2915192128DF}.Debug|iPhoneSimulator.ActiveCfg = Debug|Any CPU
		{34EC4B01-03E2-4C0D-83C7-2915192128DF}.Debug|iPhoneSimulator.Build.0 = Debug|Any CPU
		{34EC4B01-03E2-4C0D-83C7-2915192128DF}.Debug|iPhoneSimulator.Deploy.0 = Debug|Any CPU
		{34EC4B01-03E2-4C0D-83C7-2915192128DF}.Release|Any CPU.ActiveCfg = Release|Any CPU
		{34EC4B01-03E2-4C0D-83C7-2915192128DF}.Release|Any CPU.Build.0 = Release|Any CPU
		{34EC4B01-03E2-4C0D-83C7-2915192128DF}.Release|Any CPU.Deploy.0 = Release|Any CPU
		{34EC4B01-03E2-4C0D-83C7-2915192128DF}.Release|iPhone.ActiveCfg = Release|Any CPU
		{34EC4B01-03E2-4C0D-83C7-2915192128DF}.Release|iPhone.Build.0 = Release|Any CPU
		{34EC4B01-03E2-4C0D-83C7-2915192128DF}.Release|iPhone.Deploy.0 = Release|Any CPU
		{34EC4B01-03E2-4C0D-83C7-2915192128DF}.Release|iPhoneSimulator.ActiveCfg = Release|Any CPU
		{34EC4B01-03E2-4C0D-83C7-2915192128DF}.Release|iPhoneSimulator.Build.0 = Release|Any CPU
		{34EC4B01-03E2-4C0D-83C7-2915192128DF}.Release|iPhoneSimulator.Deploy.0 = Release|Any CPU
		{BB18FC51-0402-4F81-880C-7DBBBA2CE99F}.Debug|Any CPU.ActiveCfg = Debug|iPhone
		{BB18FC51-0402-4F81-880C-7DBBBA2CE99F}.Debug|Any CPU.Build.0 = Debug|iPhone
		{BB18FC51-0402-4F81-880C-7DBBBA2CE99F}.Debug|Any CPU.Deploy.0 = Debug|iPhone
		{BB18FC51-0402-4F81-880C-7DBBBA2CE99F}.Debug|iPhone.ActiveCfg = Debug|iPhone
		{BB18FC51-0402-4F81-880C-7DBBBA2CE99F}.Debug|iPhone.Build.0 = Debug|iPhone
		{BB18FC51-0402-4F81-880C-7DBBBA2CE99F}.Debug|iPhone.Deploy.0 = Debug|iPhone
		{BB18FC51-0402-4F81-880C-7DBBBA2CE99F}.Debug|iPhoneSimulator.ActiveCfg = Debug|iPhoneSimulator
		{BB18FC51-0402-4F81-880C-7DBBBA2CE99F}.Debug|iPhoneSimulator.Build.0 = Debug|iPhoneSimulator
		{BB18FC51-0402-4F81-880C-7DBBBA2CE99F}.Debug|iPhoneSimulator.Deploy.0 = Debug|iPhoneSimulator
		{BB18FC51-0402-4F81-880C-7DBBBA2CE99F}.Release|Any CPU.ActiveCfg = Release|iPhoneSimulator
		{BB18FC51-0402-4F81-880C-7DBBBA2CE99F}.Release|Any CPU.Build.0 = Release|iPhoneSimulator
		{BB18FC51-0402-4F81-880C-7DBBBA2CE99F}.Release|Any CPU.Deploy.0 = Release|iPhoneSimulator
		{BB18FC51-0402-4F81-880C-7DBBBA2CE99F}.Release|iPhone.ActiveCfg = Release|iPhone
		{BB18FC51-0402-4F81-880C-7DBBBA2CE99F}.Release|iPhone.Build.0 = Release|iPhone
		{BB18FC51-0402-4F81-880C-7DBBBA2CE99F}.Release|iPhone.Deploy.0 = Release|iPhone
		{BB18FC51-0402-4F81-880C-7DBBBA2CE99F}.Release|iPhoneSimulator.ActiveCfg = Release|iPhoneSimulator
		{BB18FC51-0402-4F81-880C-7DBBBA2CE99F}.Release|iPhoneSimulator.Build.0 = Release|iPhoneSimulator
		{BB18FC51-0402-4F81-880C-7DBBBA2CE99F}.Release|iPhoneSimulator.Deploy.0 = Release|iPhoneSimulator
		{71C6922D-007A-49A8-8CBB-316D71ECFFAE}.Debug|Any CPU.ActiveCfg = Debug|Any CPU
		{71C6922D-007A-49A8-8CBB-316D71ECFFAE}.Debug|Any CPU.Build.0 = Debug|Any CPU
		{71C6922D-007A-49A8-8CBB-316D71ECFFAE}.Debug|Any CPU.Deploy.0 = Debug|Any CPU
		{71C6922D-007A-49A8-8CBB-316D71ECFFAE}.Debug|iPhone.ActiveCfg = Debug|Any CPU
		{71C6922D-007A-49A8-8CBB-316D71ECFFAE}.Debug|iPhone.Build.0 = Debug|Any CPU
		{71C6922D-007A-49A8-8CBB-316D71ECFFAE}.Debug|iPhone.Deploy.0 = Debug|Any CPU
		{71C6922D-007A-49A8-8CBB-316D71ECFFAE}.Debug|iPhoneSimulator.ActiveCfg = Debug|Any CPU
		{71C6922D-007A-49A8-8CBB-316D71ECFFAE}.Debug|iPhoneSimulator.Build.0 = Debug|Any CPU
		{71C6922D-007A-49A8-8CBB-316D71ECFFAE}.Debug|iPhoneSimulator.Deploy.0 = Debug|Any CPU
		{71C6922D-007A-49A8-8CBB-316D71ECFFAE}.Release|Any CPU.ActiveCfg = Release|Any CPU
		{71C6922D-007A-49A8-8CBB-316D71ECFFAE}.Release|Any CPU.Build.0 = Release|Any CPU
		{71C6922D-007A-49A8-8CBB-316D71ECFFAE}.Release|Any CPU.Deploy.0 = Release|Any CPU
		{71C6922D-007A-49A8-8CBB-316D71ECFFAE}.Release|iPhone.ActiveCfg = Release|Any CPU
		{71C6922D-007A-49A8-8CBB-316D71ECFFAE}.Release|iPhone.Build.0 = Release|Any CPU
		{71C6922D-007A-49A8-8CBB-316D71ECFFAE}.Release|iPhone.Deploy.0 = Release|Any CPU
		{71C6922D-007A-49A8-8CBB-316D71ECFFAE}.Release|iPhoneSimulator.ActiveCfg = Release|Any CPU
		{71C6922D-007A-49A8-8CBB-316D71ECFFAE}.Release|iPhoneSimulator.Build.0 = Release|Any CPU
		{71C6922D-007A-49A8-8CBB-316D71ECFFAE}.Release|iPhoneSimulator.Deploy.0 = Release|Any CPU
	EndGlobalSection
	GlobalSection(SolutionProperties) = preSolution
		HideSolutionNode = FALSE
	EndGlobalSection
	GlobalSection(ExtensibilityGlobals) = postSolution
		SolutionGuid = {889365A8-D2A9-483B-9774-38AD68E2E73F}
	EndGlobalSection
EndGlobal
